{
  "lib/forge-std": {
    "tag": {
      "name": "v1.16.1",
      "rev": "620536fa5277db4e3fd46772d5cbc1ea0696fb43"
    }
  },
  "lib/openzeppelin-contracts": {
    "tag": {
      "name": "v5.0.2",
      "rev": "dbb6104ce834628e473d2173bbc9d47f81a9eec3"
    }
  },
  "lib/sapphire-paratime": {
    "tag": {
      "name": "v1.2.0",
      "rev": "e3b47b46f88241ffc20cbcb9c13e4b40ed9fa598"
    }
  }
}